
Microsoft Visual Studio Solution File, Format Version 12.00
# Visual Studio Version 17
VisualStudioVersion = 17.8.34322.80
MinimumVisualStudioVersion = 10.0.40219.1
Project("{FAE04EC0-301F-11D3-BF4B-00C04F79EFBC}") = "Proiect_Retele_Echipa_Retele_Muntenia", "Proiect_Retele_Echipa_Retele_Muntenia.csproj", "{291E1025-E289-4E0A-8712-7D8957C87476}"
EndProject
Global
	GlobalSection(SolutionConfigurationPlatforms) = preSolution
		Debug|Any CPU = Debug|Any CPU
		Release|Any CPU = Release|Any CPU
	EndGlobalSection
	GlobalSection(ProjectConfigurationPlatforms) = postSolution
		{291E1025-E289-4E0A-8712-7D8957C87476}.Debug|Any CPU.ActiveCfg = Debug|Any CPU
		{291E1025-E289-4E0A-8712-7D8957C87476}.Debug|Any CPU.Build.0 = Debug|Any CPU
		{291E1025-E289-4E0A-8712-7D8957C87476}.Release|Any CPU.ActiveCfg = Release|Any CPU
		{291E1025-E289-4E0A-8712-7D8957C87476}.Release|Any CPU.Build.0 = Release|Any CPU
	EndGlobalSection
	GlobalSection(SolutionProperties) = preSolution
		HideSolutionNode = FALSE
	EndGlobalSection
	GlobalSection(ExtensibilityGlobals) = postSolution
		SolutionGuid = {65F01E76-275E-4F16-B218-208AF98CCE1B}
	EndGlobalSection
EndGlobal
